
Microsoft Visual Studio Solution File, Format Version 12.00
# Visual Studio Version 16
VisualStudioVersion = 16.0.30711.63
MinimumVisualStudioVersion = 10.0.40219.1
Project("{9A19103F-16F7-4668-BE54-9A1E7A4F7556}") = "ArraysMain", "Arrays\ArraysMain.csproj", "{BA5A34DB-A04B-4F3C-8D5D-1CE4846F58FE}"
EndProject
Project("{FAE04EC0-301F-11D3-BF4B-00C04F79EFBC}") = "ExerciseTwo", "ExerciseTwo\ExerciseTwo.csproj", "{22C1D436-008E-421A-85A5-1F4B24124BA5}"
EndProject
Global
	GlobalSection(SolutionConfigurationPlatforms) = preSolution
		Debug|Any CPU = Debug|Any CPU
		Release|Any CPU = Release|Any CPU
	EndGlobalSection
	GlobalSection(ProjectConfigurationPlatforms) = postSolution
		{BA5A34DB-A04B-4F3C-8D5D-1CE4846F58FE}.Debug|Any CPU.ActiveCfg = Debug|Any CPU
		{BA5A34DB-A04B-4F3C-8D5D-1CE4846F58FE}.Debug|Any CPU.Build.0 = Debug|Any CPU
		{BA5A34DB-A04B-4F3C-8D5D-1CE4846F58FE}.Release|Any CPU.ActiveCfg = Release|Any CPU
		{BA5A34DB-A04B-4F3C-8D5D-1CE4846F58FE}.Release|Any CPU.Build.0 = Release|Any CPU
		{22C1D436-008E-421A-85A5-1F4B24124BA5}.Debug|Any CPU.ActiveCfg = Debug|Any CPU
		{22C1D436-008E-421A-85A5-1F4B24124BA5}.Debug|Any CPU.Build.0 = Debug|Any CPU
		{22C1D436-008E-421A-85A5-1F4B24124BA5}.Release|Any CPU.ActiveCfg = Release|Any CPU
		{22C1D436-008E-421A-85A5-1F4B24124BA5}.Release|Any CPU.Build.0 = Release|Any CPU
	EndGlobalSection
	GlobalSection(SolutionProperties) = preSolution
		HideSolutionNode = FALSE
	EndGlobalSection
	GlobalSection(ExtensibilityGlobals) = postSolution
		SolutionGuid = {4F7F7A8B-C757-4036-BE02-8BCEF68E0C41}
	EndGlobalSection
EndGlobal
